
Microsoft Visual Studio Solution File, Format Version 12.00
# Visual Studio Version 16
VisualStudioVersion = 16.0.31613.86
MinimumVisualStudioVersion = 10.0.40219.1
Project("{FAE04EC0-301F-11D3-BF4B-00C04F79EFBC}") = "FastBackup", "FastBackup.csproj", "{5E37BB3A-83DC-4611-9675-1677734F1CE5}"
EndProject
Global
	GlobalSection(SolutionConfigurationPlatforms) = preSolution
		Debug|Any CPU = Debug|Any CPU
		Release|Any CPU = Release|Any CPU
	EndGlobalSection
	GlobalSection(ProjectConfigurationPlatforms) = postSolution
		{5E37BB3A-83DC-4611-9675-1677734F1CE5}.Debug|Any CPU.ActiveCfg = Debug|Any CPU
		{5E37BB3A-83DC-4611-9675-1677734F1CE5}.Debug|Any CPU.Build.0 = Debug|Any CPU
		{5E37BB3A-83DC-4611-9675-1677734F1CE5}.Release|Any CPU.ActiveCfg = Release|Any CPU
		{5E37BB3A-83DC-4611-9675-1677734F1CE5}.Release|Any CPU.Build.0 = Release|Any CPU
	EndGlobalSection
	GlobalSection(SolutionProperties) = preSolution
		HideSolutionNode = FALSE
	EndGlobalSection
	GlobalSection(ExtensibilityGlobals) = postSolution
		SolutionGuid = {4B1A85E2-1874-4193-87FB-65405991E643}
	EndGlobalSection
EndGlobal
